
Microsoft Visual Studio Solution File, Format Version 12.00
# Visual Studio Version 16
VisualStudioVersion = 16.0.30413.136
MinimumVisualStudioVersion = 10.0.40219.1
Project("{9A19103F-16F7-4668-BE54-9A1E7A4F7556}") = "Backend", "Backend\Backend.csproj", "{1D500125-4DFA-449F-88FB-2999F132BC82}"
EndProject
Project("{9A19103F-16F7-4668-BE54-9A1E7A4F7556}") = "CheckIn.Shared", "CheckIn.Shared\CheckIn.Shared.csproj", "{4EA229EF-45A9-4903-9DDF-2FB2F2C7D4E0}"
EndProject
Project("{9A19103F-16F7-4668-BE54-9A1E7A4F7556}") = "CheckIn.Frontend", "CheckIn.Frontend\CheckIn.Frontend.csproj", "{C5A3AC3F-5595-4762-9A15-0072467DC76C}"
EndProject
Global
	GlobalSection(SolutionConfigurationPlatforms) = preSolution
		Debug|Any CPU = Debug|Any CPU
		Release|Any CPU = Release|Any CPU
	EndGlobalSection
	GlobalSection(ProjectConfigurationPlatforms) = postSolution
		{1D500125-4DFA-449F-88FB-2999F132BC82}.Debug|Any CPU.ActiveCfg = Debug|Any CPU
		{1D500125-4DFA-449F-88FB-2999F132BC82}.Debug|Any CPU.Build.0 = Debug|Any CPU
		{1D500125-4DFA-449F-88FB-2999F132BC82}.Release|Any CPU.ActiveCfg = Release|Any CPU
		{1D500125-4DFA-449F-88FB-2999F132BC82}.Release|Any CPU.Build.0 = Release|Any CPU
		{4EA229EF-45A9-4903-9DDF-2FB2F2C7D4E0}.Debug|Any CPU.ActiveCfg = Debug|Any CPU
		{4EA229EF-45A9-4903-9DDF-2FB2F2C7D4E0}.Debug|Any CPU.Build.0 = Debug|Any CPU
		{4EA229EF-45A9-4903-9DDF-2FB2F2C7D4E0}.Release|Any CPU.ActiveCfg = Release|Any CPU
		{4EA229EF-45A9-4903-9DDF-2FB2F2C7D4E0}.Release|Any CPU.Build.0 = Release|Any CPU
		{C5A3AC3F-5595-4762-9A15-0072467DC76C}.Debug|Any CPU.ActiveCfg = Debug|Any CPU
		{C5A3AC3F-5595-4762-9A15-0072467DC76C}.Debug|Any CPU.Build.0 = Debug|Any CPU
		{C5A3AC3F-5595-4762-9A15-0072467DC76C}.Release|Any CPU.ActiveCfg = Release|Any CPU
		{C5A3AC3F-5595-4762-9A15-0072467DC76C}.Release|Any CPU.Build.0 = Release|Any CPU
	EndGlobalSection
	GlobalSection(SolutionProperties) = preSolution
		HideSolutionNode = FALSE
	EndGlobalSection
	GlobalSection(ExtensibilityGlobals) = postSolution
		SolutionGuid = {81E4FE86-9573-4440-9DE7-E9DE6315C2C4}
	EndGlobalSection
EndGlobal
